
Microsoft Visual Studio Solution File, Format Version 12.00
# Visual Studio Version 17
VisualStudioVersion = 17.13.35818.85 d17.13
MinimumVisualStudioVersion = 10.0.40219.1
Project("{FAE04EC0-301F-11D3-BF4B-00C04F79EFBC}") = "11729하노이", "11729하노이.csproj", "{89F96774-9BDA-4754-9147-3EE415E9EC57}"
EndProject
Global
	GlobalSection(SolutionConfigurationPlatforms) = preSolution
		Debug|Any CPU = Debug|Any CPU
		Release|Any CPU = Release|Any CPU
	EndGlobalSection
	GlobalSection(ProjectConfigurationPlatforms) = postSolution
		{89F96774-9BDA-4754-9147-3EE415E9EC57}.Debug|Any CPU.ActiveCfg = Debug|Any CPU
		{89F96774-9BDA-4754-9147-3EE415E9EC57}.Debug|Any CPU.Build.0 = Debug|Any CPU
		{89F96774-9BDA-4754-9147-3EE415E9EC57}.Release|Any CPU.ActiveCfg = Release|Any CPU
		{89F96774-9BDA-4754-9147-3EE415E9EC57}.Release|Any CPU.Build.0 = Release|Any CPU
	EndGlobalSection
	GlobalSection(SolutionProperties) = preSolution
		HideSolutionNode = FALSE
	EndGlobalSection
	GlobalSection(ExtensibilityGlobals) = postSolution
		SolutionGuid = {D6C211FE-F346-498F-B07F-82822A914952}
	EndGlobalSection
EndGlobal
