
Microsoft Visual Studio Solution File, Format Version 12.00
# Visual Studio Version 17
VisualStudioVersion = 17.13.35818.85 d17.13
MinimumVisualStudioVersion = 10.0.40219.1
Project("{FAE04EC0-301F-11D3-BF4B-00C04F79EFBC}") = "1330두 수 비교하기", "1330두 수 비교하기.csproj", "{3F92E266-08C1-492E-935F-A0355AC88B0D}"
EndProject
Global
	GlobalSection(SolutionConfigurationPlatforms) = preSolution
		Debug|Any CPU = Debug|Any CPU
		Release|Any CPU = Release|Any CPU
	EndGlobalSection
	GlobalSection(ProjectConfigurationPlatforms) = postSolution
		{3F92E266-08C1-492E-935F-A0355AC88B0D}.Debug|Any CPU.ActiveCfg = Debug|Any CPU
		{3F92E266-08C1-492E-935F-A0355AC88B0D}.Debug|Any CPU.Build.0 = Debug|Any CPU
		{3F92E266-08C1-492E-935F-A0355AC88B0D}.Release|Any CPU.ActiveCfg = Release|Any CPU
		{3F92E266-08C1-492E-935F-A0355AC88B0D}.Release|Any CPU.Build.0 = Release|Any CPU
	EndGlobalSection
	GlobalSection(SolutionProperties) = preSolution
		HideSolutionNode = FALSE
	EndGlobalSection
	GlobalSection(ExtensibilityGlobals) = postSolution
		SolutionGuid = {06041D61-1EA8-418E-8161-60E8313CED54}
	EndGlobalSection
EndGlobal
