
Microsoft Visual Studio Solution File, Format Version 12.00
# Visual Studio Version 17
VisualStudioVersion = 17.13.35818.85 d17.13
MinimumVisualStudioVersion = 10.0.40219.1
Project("{FAE04EC0-301F-11D3-BF4B-00C04F79EFBC}") = "2751수 정렬하기 2", "2751수 정렬하기 2.csproj", "{AFE5334C-ABC9-428A-9024-621AFC7008A2}"
EndProject
Global
	GlobalSection(SolutionConfigurationPlatforms) = preSolution
		Debug|Any CPU = Debug|Any CPU
		Release|Any CPU = Release|Any CPU
	EndGlobalSection
	GlobalSection(ProjectConfigurationPlatforms) = postSolution
		{AFE5334C-ABC9-428A-9024-621AFC7008A2}.Debug|Any CPU.ActiveCfg = Debug|Any CPU
		{AFE5334C-ABC9-428A-9024-621AFC7008A2}.Debug|Any CPU.Build.0 = Debug|Any CPU
		{AFE5334C-ABC9-428A-9024-621AFC7008A2}.Release|Any CPU.ActiveCfg = Release|Any CPU
		{AFE5334C-ABC9-428A-9024-621AFC7008A2}.Release|Any CPU.Build.0 = Release|Any CPU
	EndGlobalSection
	GlobalSection(SolutionProperties) = preSolution
		HideSolutionNode = FALSE
	EndGlobalSection
	GlobalSection(ExtensibilityGlobals) = postSolution
		SolutionGuid = {8A00CEFD-39ED-4432-A10C-12B44D6B426D}
	EndGlobalSection
EndGlobal
