
Microsoft Visual Studio Solution File, Format Version 12.00
# Visual Studio Version 17
VisualStudioVersion = 17.13.35818.85 d17.13
MinimumVisualStudioVersion = 10.0.40219.1
Project("{FAE04EC0-301F-11D3-BF4B-00C04F79EFBC}") = "1008A나누기B", "1008A나누기B.csproj", "{D4DA8024-3B7D-43A0-8B78-54FF50A69F27}"
EndProject
Global
	GlobalSection(SolutionConfigurationPlatforms) = preSolution
		Debug|Any CPU = Debug|Any CPU
		Release|Any CPU = Release|Any CPU
	EndGlobalSection
	GlobalSection(ProjectConfigurationPlatforms) = postSolution
		{D4DA8024-3B7D-43A0-8B78-54FF50A69F27}.Debug|Any CPU.ActiveCfg = Debug|Any CPU
		{D4DA8024-3B7D-43A0-8B78-54FF50A69F27}.Debug|Any CPU.Build.0 = Debug|Any CPU
		{D4DA8024-3B7D-43A0-8B78-54FF50A69F27}.Release|Any CPU.ActiveCfg = Release|Any CPU
		{D4DA8024-3B7D-43A0-8B78-54FF50A69F27}.Release|Any CPU.Build.0 = Release|Any CPU
	EndGlobalSection
	GlobalSection(SolutionProperties) = preSolution
		HideSolutionNode = FALSE
	EndGlobalSection
	GlobalSection(ExtensibilityGlobals) = postSolution
		SolutionGuid = {332BD90D-5A3D-4153-B442-5C261F67DFCB}
	EndGlobalSection
EndGlobal
