
Microsoft Visual Studio Solution File, Format Version 12.00
# Visual Studio Version 17
VisualStudioVersion = 17.13.35818.85 d17.13
MinimumVisualStudioVersion = 10.0.40219.1
Project("{FAE04EC0-301F-11D3-BF4B-00C04F79EFBC}") = "1991트리순회", "1991트리순회.csproj", "{0AEDFB3C-4414-4D41-9C63-BB3304FE128B}"
EndProject
Global
	GlobalSection(SolutionConfigurationPlatforms) = preSolution
		Debug|Any CPU = Debug|Any CPU
		Release|Any CPU = Release|Any CPU
	EndGlobalSection
	GlobalSection(ProjectConfigurationPlatforms) = postSolution
		{0AEDFB3C-4414-4D41-9C63-BB3304FE128B}.Debug|Any CPU.ActiveCfg = Debug|Any CPU
		{0AEDFB3C-4414-4D41-9C63-BB3304FE128B}.Debug|Any CPU.Build.0 = Debug|Any CPU
		{0AEDFB3C-4414-4D41-9C63-BB3304FE128B}.Release|Any CPU.ActiveCfg = Release|Any CPU
		{0AEDFB3C-4414-4D41-9C63-BB3304FE128B}.Release|Any CPU.Build.0 = Release|Any CPU
	EndGlobalSection
	GlobalSection(SolutionProperties) = preSolution
		HideSolutionNode = FALSE
	EndGlobalSection
	GlobalSection(ExtensibilityGlobals) = postSolution
		SolutionGuid = {C9940D75-C3B3-4C15-8F11-C201B8800AB0}
	EndGlobalSection
EndGlobal
