
Microsoft Visual Studio Solution File, Format Version 12.00
# Visual Studio Version 17
VisualStudioVersion = 17.13.35818.85 d17.13
MinimumVisualStudioVersion = 10.0.40219.1
Project("{FAE04EC0-301F-11D3-BF4B-00C04F79EFBC}") = "4779칸토어 집합", "4779칸토어 집합.csproj", "{9E28CA0C-E760-4FA8-811B-55C357D77F82}"
EndProject
Global
	GlobalSection(SolutionConfigurationPlatforms) = preSolution
		Debug|Any CPU = Debug|Any CPU
		Release|Any CPU = Release|Any CPU
	EndGlobalSection
	GlobalSection(ProjectConfigurationPlatforms) = postSolution
		{9E28CA0C-E760-4FA8-811B-55C357D77F82}.Debug|Any CPU.ActiveCfg = Debug|Any CPU
		{9E28CA0C-E760-4FA8-811B-55C357D77F82}.Debug|Any CPU.Build.0 = Debug|Any CPU
		{9E28CA0C-E760-4FA8-811B-55C357D77F82}.Release|Any CPU.ActiveCfg = Release|Any CPU
		{9E28CA0C-E760-4FA8-811B-55C357D77F82}.Release|Any CPU.Build.0 = Release|Any CPU
	EndGlobalSection
	GlobalSection(SolutionProperties) = preSolution
		HideSolutionNode = FALSE
	EndGlobalSection
	GlobalSection(ExtensibilityGlobals) = postSolution
		SolutionGuid = {16D3276B-A210-42F0-BFA3-D21FD16875CA}
	EndGlobalSection
EndGlobal
