
Microsoft Visual Studio Solution File, Format Version 12.00
# Visual Studio Version 17
VisualStudioVersion = 17.13.35818.85 d17.13
MinimumVisualStudioVersion = 10.0.40219.1
Project("{FAE04EC0-301F-11D3-BF4B-00C04F79EFBC}") = "2667단지번호붙이기", "2667단지번호붙이기.csproj", "{D1FF0887-2FC0-4CFD-A24E-C0937E87234F}"
EndProject
Global
	GlobalSection(SolutionConfigurationPlatforms) = preSolution
		Debug|Any CPU = Debug|Any CPU
		Release|Any CPU = Release|Any CPU
	EndGlobalSection
	GlobalSection(ProjectConfigurationPlatforms) = postSolution
		{D1FF0887-2FC0-4CFD-A24E-C0937E87234F}.Debug|Any CPU.ActiveCfg = Debug|Any CPU
		{D1FF0887-2FC0-4CFD-A24E-C0937E87234F}.Debug|Any CPU.Build.0 = Debug|Any CPU
		{D1FF0887-2FC0-4CFD-A24E-C0937E87234F}.Release|Any CPU.ActiveCfg = Release|Any CPU
		{D1FF0887-2FC0-4CFD-A24E-C0937E87234F}.Release|Any CPU.Build.0 = Release|Any CPU
	EndGlobalSection
	GlobalSection(SolutionProperties) = preSolution
		HideSolutionNode = FALSE
	EndGlobalSection
	GlobalSection(ExtensibilityGlobals) = postSolution
		SolutionGuid = {8BA0ABD4-6EEC-49A8-9EE6-1CF8E74754D3}
	EndGlobalSection
EndGlobal
